
Microsoft Visual Studio Solution File, Format Version 12.00
# Visual Studio 2012
Project("{2150E333-8FDC-42A3-9474-1A3956D46DE8}") = "1 - Domain Entities Layer", "1 - Domain Entities Layer", "{F9D33A8F-88D6-4C03-8E5A-4D5F55241050}"
EndProject
Project("{2150E333-8FDC-42A3-9474-1A3956D46DE8}") = "2 - Repository Layer", "2 - Repository Layer", "{8626AE86-05EC-4CB0-BE95-857EB5249594}"
EndProject
Project("{2150E333-8FDC-42A3-9474-1A3956D46DE8}") = "4 - Presentation Layer", "4 - Presentation Layer", "{BB2E5FCD-28F5-43A0-8F24-636B5EFAEC4A}"
EndProject
Project("{2150E333-8FDC-42A3-9474-1A3956D46DE8}") = "3 - Service Layer", "3 - Service Layer", "{0513C956-3CC3-4011-AA7F-BC22FC73EDEF}"
EndProject
Project("{2150E333-8FDC-42A3-9474-1A3956D46DE8}") = "5 - Unit Test", "5 - Unit Test", "{E90C2F0A-623B-40F9-9A57-0695FC4D4F67}"
EndProject
Project("{FAE04EC0-301F-11D3-BF4B-00C04F79EFBC}") = "SARC.Data", "..\SARC.Data\SARC.Data.csproj", "{EF7506B7-6551-4603-AACD-B4C17B0011DF}"
EndProject
Project("{FAE04EC0-301F-11D3-BF4B-00C04F79EFBC}") = "SARC.Models", "..\SARC.Models\SARC.Models.csproj", "{B3218B56-4340-4318-876F-92EBBF0BB37B}"
EndProject
Project("{FAE04EC0-301F-11D3-BF4B-00C04F79EFBC}") = "SARC.Repository", "..\SARC.Repository\SARC.Repository.csproj", "{9CF3205B-7DF4-4C23-8439-B1D282EF7613}"
EndProject
Project("{FAE04EC0-301F-11D3-BF4B-00C04F79EFBC}") = "SARC.Service", "..\SARC.Service\SARC.Service.csproj", "{A14A2EA4-2C78-4620-B3BB-0C2CC87E81AB}"
EndProject
Project("{2150E333-8FDC-42A3-9474-1A3956D46DE8}") = "4.1 - Client", "4.1 - Client", "{F2E62E68-3E6A-48FF-B7BA-549A9BB104BE}"
EndProject
Project("{2150E333-8FDC-42A3-9474-1A3956D46DE8}") = "4.2 - Web", "4.2 - Web", "{DE906C73-111D-4C7B-A133-679B04F1B31C}"
EndProject
Project("{2150E333-8FDC-42A3-9474-1A3956D46DE8}") = "4.3 - Mobile", "4.3 - Mobile", "{D41B8FB1-DD4E-4BD8-8B96-EC60D9BEA2D8}"
EndProject
Project("{2150E333-8FDC-42A3-9474-1A3956D46DE8}") = "4.4 - Services", "4.4 - Services", "{DFECF8DE-FF32-49AE-9B0E-2F3DEE3293B5}"
EndProject
Project("{FAE04EC0-301F-11D3-BF4B-00C04F79EFBC}") = "SARC.UIX", "..\SARC.UIX\SARC.UIX.csproj", "{B987A397-23F7-41FD-AA5E-9970643D2B2D}"
EndProject
Project("{FAE04EC0-301F-11D3-BF4B-00C04F79EFBC}") = "SARC.WebAPI", "..\SARC.WebAPI\SARC.WebAPI.csproj", "{DEDD2C17-E0C9-45BF-A5CE-7D4923D3F5A6}"
EndProject
Project("{FAE04EC0-301F-11D3-BF4B-00C04F79EFBC}") = "SARC.Test", "..\SARC.Test\SARC.Test.csproj", "{29FAB2CB-B3E6-4A5F-A9DB-A7A34A57D79C}"
EndProject
Project("{D954291E-2A0B-460D-934E-DC6B0785DB48}") = "SARC", "..\SARC\SARC.shproj", "{A34A46F5-A9D2-4917-AE40-78CB0D8FDF13}"
EndProject
Project("{FAE04EC0-301F-11D3-BF4B-00C04F79EFBC}") = "SARC.iOS", "..\iOS\SARC.iOS.csproj", "{057C9A43-072A-4247-B0A7-DCFBCE75401A}"
EndProject
Project("{FAE04EC0-301F-11D3-BF4B-00C04F79EFBC}") = "SARC.Droid", "..\Droid\SARC.Droid.csproj", "{6F6A7ACC-FDA2-4615-9C30-BA2089B11FC4}"
EndProject
Global
	GlobalSection(SolutionConfigurationPlatforms) = preSolution
		Debug|Any CPU = Debug|Any CPU
		Release|Any CPU = Release|Any CPU
		Debug|iPhoneSimulator = Debug|iPhoneSimulator
		Release|iPhone = Release|iPhone
		Release|iPhoneSimulator = Release|iPhoneSimulator
		Debug|iPhone = Debug|iPhone
	EndGlobalSection
	GlobalSection(ProjectConfigurationPlatforms) = postSolution
		{EF7506B7-6551-4603-AACD-B4C17B0011DF}.Debug|Any CPU.ActiveCfg = Debug|Any CPU
		{EF7506B7-6551-4603-AACD-B4C17B0011DF}.Debug|Any CPU.Build.0 = Debug|Any CPU
		{EF7506B7-6551-4603-AACD-B4C17B0011DF}.Release|Any CPU.ActiveCfg = Release|Any CPU
		{EF7506B7-6551-4603-AACD-B4C17B0011DF}.Release|Any CPU.Build.0 = Release|Any CPU
		{EF7506B7-6551-4603-AACD-B4C17B0011DF}.Debug|iPhoneSimulator.ActiveCfg = Debug|Any CPU
		{EF7506B7-6551-4603-AACD-B4C17B0011DF}.Debug|iPhoneSimulator.Build.0 = Debug|Any CPU
		{EF7506B7-6551-4603-AACD-B4C17B0011DF}.Release|iPhone.ActiveCfg = Release|Any CPU
		{EF7506B7-6551-4603-AACD-B4C17B0011DF}.Release|iPhone.Build.0 = Release|Any CPU
		{EF7506B7-6551-4603-AACD-B4C17B0011DF}.Release|iPhoneSimulator.ActiveCfg = Release|Any CPU
		{EF7506B7-6551-4603-AACD-B4C17B0011DF}.Release|iPhoneSimulator.Build.0 = Release|Any CPU
		{EF7506B7-6551-4603-AACD-B4C17B0011DF}.Debug|iPhone.ActiveCfg = Debug|Any CPU
		{EF7506B7-6551-4603-AACD-B4C17B0011DF}.Debug|iPhone.Build.0 = Debug|Any CPU
		{B3218B56-4340-4318-876F-92EBBF0BB37B}.Debug|Any CPU.ActiveCfg = Debug|Any CPU
		{B3218B56-4340-4318-876F-92EBBF0BB37B}.Debug|Any CPU.Build.0 = Debug|Any CPU
		{B3218B56-4340-4318-876F-92EBBF0BB37B}.Release|Any CPU.ActiveCfg = Release|Any CPU
		{B3218B56-4340-4318-876F-92EBBF0BB37B}.Release|Any CPU.Build.0 = Release|Any CPU
		{B3218B56-4340-4318-876F-92EBBF0BB37B}.Debug|iPhoneSimulator.ActiveCfg = Debug|Any CPU
		{B3218B56-4340-4318-876F-92EBBF0BB37B}.Debug|iPhoneSimulator.Build.0 = Debug|Any CPU
		{B3218B56-4340-4318-876F-92EBBF0BB37B}.Release|iPhone.ActiveCfg = Release|Any CPU
		{B3218B56-4340-4318-876F-92EBBF0BB37B}.Release|iPhone.Build.0 = Release|Any CPU
		{B3218B56-4340-4318-876F-92EBBF0BB37B}.Release|iPhoneSimulator.ActiveCfg = Release|Any CPU
		{B3218B56-4340-4318-876F-92EBBF0BB37B}.Release|iPhoneSimulator.Build.0 = Release|Any CPU
		{B3218B56-4340-4318-876F-92EBBF0BB37B}.Debug|iPhone.ActiveCfg = Debug|Any CPU
		{B3218B56-4340-4318-876F-92EBBF0BB37B}.Debug|iPhone.Build.0 = Debug|Any CPU
		{9CF3205B-7DF4-4C23-8439-B1D282EF7613}.Debug|Any CPU.ActiveCfg = Debug|Any CPU
		{9CF3205B-7DF4-4C23-8439-B1D282EF7613}.Debug|Any CPU.Build.0 = Debug|Any CPU
		{9CF3205B-7DF4-4C23-8439-B1D282EF7613}.Release|Any CPU.ActiveCfg = Release|Any CPU
		{9CF3205B-7DF4-4C23-8439-B1D282EF7613}.Release|Any CPU.Build.0 = Release|Any CPU
		{9CF3205B-7DF4-4C23-8439-B1D282EF7613}.Debug|iPhoneSimulator.ActiveCfg = Debug|Any CPU
		{9CF3205B-7DF4-4C23-8439-B1D282EF7613}.Debug|iPhoneSimulator.Build.0 = Debug|Any CPU
		{9CF3205B-7DF4-4C23-8439-B1D282EF7613}.Release|iPhone.ActiveCfg = Release|Any CPU
		{9CF3205B-7DF4-4C23-8439-B1D282EF7613}.Release|iPhone.Build.0 = Release|Any CPU
		{9CF3205B-7DF4-4C23-8439-B1D282EF7613}.Release|iPhoneSimulator.ActiveCfg = Release|Any CPU
		{9CF3205B-7DF4-4C23-8439-B1D282EF7613}.Release|iPhoneSimulator.Build.0 = Release|Any CPU
		{9CF3205B-7DF4-4C23-8439-B1D282EF7613}.Debug|iPhone.ActiveCfg = Debug|Any CPU
		{9CF3205B-7DF4-4C23-8439-B1D282EF7613}.Debug|iPhone.Build.0 = Debug|Any CPU
		{A14A2EA4-2C78-4620-B3BB-0C2CC87E81AB}.Debug|Any CPU.ActiveCfg = Debug|Any CPU
		{A14A2EA4-2C78-4620-B3BB-0C2CC87E81AB}.Debug|Any CPU.Build.0 = Debug|Any CPU
		{A14A2EA4-2C78-4620-B3BB-0C2CC87E81AB}.Release|Any CPU.ActiveCfg = Release|Any CPU
		{A14A2EA4-2C78-4620-B3BB-0C2CC87E81AB}.Release|Any CPU.Build.0 = Release|Any CPU
		{A14A2EA4-2C78-4620-B3BB-0C2CC87E81AB}.Debug|iPhoneSimulator.ActiveCfg = Debug|Any CPU
		{A14A2EA4-2C78-4620-B3BB-0C2CC87E81AB}.Debug|iPhoneSimulator.Build.0 = Debug|Any CPU
		{A14A2EA4-2C78-4620-B3BB-0C2CC87E81AB}.Release|iPhone.ActiveCfg = Release|Any CPU
		{A14A2EA4-2C78-4620-B3BB-0C2CC87E81AB}.Release|iPhone.Build.0 = Release|Any CPU
		{A14A2EA4-2C78-4620-B3BB-0C2CC87E81AB}.Release|iPhoneSimulator.ActiveCfg = Release|Any CPU
		{A14A2EA4-2C78-4620-B3BB-0C2CC87E81AB}.Release|iPhoneSimulator.Build.0 = Release|Any CPU
		{A14A2EA4-2C78-4620-B3BB-0C2CC87E81AB}.Debug|iPhone.ActiveCfg = Debug|Any CPU
		{A14A2EA4-2C78-4620-B3BB-0C2CC87E81AB}.Debug|iPhone.Build.0 = Debug|Any CPU
		{B987A397-23F7-41FD-AA5E-9970643D2B2D}.Debug|Any CPU.ActiveCfg = Debug|Any CPU
		{B987A397-23F7-41FD-AA5E-9970643D2B2D}.Debug|Any CPU.Build.0 = Debug|Any CPU
		{B987A397-23F7-41FD-AA5E-9970643D2B2D}.Release|Any CPU.ActiveCfg = Release|Any CPU
		{B987A397-23F7-41FD-AA5E-9970643D2B2D}.Release|Any CPU.Build.0 = Release|Any CPU
		{B987A397-23F7-41FD-AA5E-9970643D2B2D}.Debug|iPhoneSimulator.ActiveCfg = Debug|Any CPU
		{B987A397-23F7-41FD-AA5E-9970643D2B2D}.Debug|iPhoneSimulator.Build.0 = Debug|Any CPU
		{B987A397-23F7-41FD-AA5E-9970643D2B2D}.Release|iPhone.ActiveCfg = Release|Any CPU
		{B987A397-23F7-41FD-AA5E-9970643D2B2D}.Release|iPhone.Build.0 = Release|Any CPU
		{B987A397-23F7-41FD-AA5E-9970643D2B2D}.Release|iPhoneSimulator.ActiveCfg = Release|Any CPU
		{B987A397-23F7-41FD-AA5E-9970643D2B2D}.Release|iPhoneSimulator.Build.0 = Release|Any CPU
		{B987A397-23F7-41FD-AA5E-9970643D2B2D}.Debug|iPhone.ActiveCfg = Debug|Any CPU
		{B987A397-23F7-41FD-AA5E-9970643D2B2D}.Debug|iPhone.Build.0 = Debug|Any CPU
		{DEDD2C17-E0C9-45BF-A5CE-7D4923D3F5A6}.Debug|Any CPU.ActiveCfg = Debug|Any CPU
		{DEDD2C17-E0C9-45BF-A5CE-7D4923D3F5A6}.Debug|Any CPU.Build.0 = Debug|Any CPU
		{DEDD2C17-E0C9-45BF-A5CE-7D4923D3F5A6}.Release|Any CPU.ActiveCfg = Release|Any CPU
		{DEDD2C17-E0C9-45BF-A5CE-7D4923D3F5A6}.Release|Any CPU.Build.0 = Release|Any CPU
		{DEDD2C17-E0C9-45BF-A5CE-7D4923D3F5A6}.Debug|iPhoneSimulator.ActiveCfg = Debug|Any CPU
		{DEDD2C17-E0C9-45BF-A5CE-7D4923D3F5A6}.Debug|iPhoneSimulator.Build.0 = Debug|Any CPU
		{DEDD2C17-E0C9-45BF-A5CE-7D4923D3F5A6}.Release|iPhone.ActiveCfg = Release|Any CPU
		{DEDD2C17-E0C9-45BF-A5CE-7D4923D3F5A6}.Release|iPhone.Build.0 = Release|Any CPU
		{DEDD2C17-E0C9-45BF-A5CE-7D4923D3F5A6}.Release|iPhoneSimulator.ActiveCfg = Release|Any CPU
		{DEDD2C17-E0C9-45BF-A5CE-7D4923D3F5A6}.Release|iPhoneSimulator.Build.0 = Release|Any CPU
		{DEDD2C17-E0C9-45BF-A5CE-7D4923D3F5A6}.Debug|iPhone.ActiveCfg = Debug|Any CPU
		{DEDD2C17-E0C9-45BF-A5CE-7D4923D3F5A6}.Debug|iPhone.Build.0 = Debug|Any CPU
		{29FAB2CB-B3E6-4A5F-A9DB-A7A34A57D79C}.Debug|Any CPU.ActiveCfg = Debug|Any CPU
		{29FAB2CB-B3E6-4A5F-A9DB-A7A34A57D79C}.Debug|Any CPU.Build.0 = Debug|Any CPU
		{29FAB2CB-B3E6-4A5F-A9DB-A7A34A57D79C}.Release|Any CPU.ActiveCfg = Release|Any CPU
		{29FAB2CB-B3E6-4A5F-A9DB-A7A34A57D79C}.Release|Any CPU.Build.0 = Release|Any CPU
		{29FAB2CB-B3E6-4A5F-A9DB-A7A34A57D79C}.Debug|iPhoneSimulator.ActiveCfg = Debug|Any CPU
		{29FAB2CB-B3E6-4A5F-A9DB-A7A34A57D79C}.Debug|iPhoneSimulator.Build.0 = Debug|Any CPU
		{29FAB2CB-B3E6-4A5F-A9DB-A7A34A57D79C}.Release|iPhone.ActiveCfg = Release|Any CPU
		{29FAB2CB-B3E6-4A5F-A9DB-A7A34A57D79C}.Release|iPhone.Build.0 = Release|Any CPU
		{29FAB2CB-B3E6-4A5F-A9DB-A7A34A57D79C}.Release|iPhoneSimulator.ActiveCfg = Release|Any CPU
		{29FAB2CB-B3E6-4A5F-A9DB-A7A34A57D79C}.Release|iPhoneSimulator.Build.0 = Release|Any CPU
		{29FAB2CB-B3E6-4A5F-A9DB-A7A34A57D79C}.Debug|iPhone.ActiveCfg = Debug|Any CPU
		{29FAB2CB-B3E6-4A5F-A9DB-A7A34A57D79C}.Debug|iPhone.Build.0 = Debug|Any CPU
		{057C9A43-072A-4247-B0A7-DCFBCE75401A}.Debug|Any CPU.ActiveCfg = Debug|iPhoneSimulator
		{057C9A43-072A-4247-B0A7-DCFBCE75401A}.Debug|Any CPU.Build.0 = Debug|iPhoneSimulator
		{057C9A43-072A-4247-B0A7-DCFBCE75401A}.Release|Any CPU.ActiveCfg = Release|iPhone
		{057C9A43-072A-4247-B0A7-DCFBCE75401A}.Release|Any CPU.Build.0 = Release|iPhone
		{057C9A43-072A-4247-B0A7-DCFBCE75401A}.Debug|iPhoneSimulator.ActiveCfg = Debug|iPhoneSimulator
		{057C9A43-072A-4247-B0A7-DCFBCE75401A}.Debug|iPhoneSimulator.Build.0 = Debug|iPhoneSimulator
		{057C9A43-072A-4247-B0A7-DCFBCE75401A}.Release|iPhone.ActiveCfg = Release|iPhone
		{057C9A43-072A-4247-B0A7-DCFBCE75401A}.Release|iPhone.Build.0 = Release|iPhone
		{057C9A43-072A-4247-B0A7-DCFBCE75401A}.Release|iPhoneSimulator.ActiveCfg = Release|iPhoneSimulator
		{057C9A43-072A-4247-B0A7-DCFBCE75401A}.Release|iPhoneSimulator.Build.0 = Release|iPhoneSimulator
		{057C9A43-072A-4247-B0A7-DCFBCE75401A}.Debug|iPhone.ActiveCfg = Debug|iPhone
		{057C9A43-072A-4247-B0A7-DCFBCE75401A}.Debug|iPhone.Build.0 = Debug|iPhone
		{6F6A7ACC-FDA2-4615-9C30-BA2089B11FC4}.Debug|Any CPU.ActiveCfg = Debug|Any CPU
		{6F6A7ACC-FDA2-4615-9C30-BA2089B11FC4}.Debug|Any CPU.Build.0 = Debug|Any CPU
		{6F6A7ACC-FDA2-4615-9C30-BA2089B11FC4}.Release|Any CPU.ActiveCfg = Release|Any CPU
		{6F6A7ACC-FDA2-4615-9C30-BA2089B11FC4}.Release|Any CPU.Build.0 = Release|Any CPU
		{6F6A7ACC-FDA2-4615-9C30-BA2089B11FC4}.Debug|iPhoneSimulator.ActiveCfg = Debug|Any CPU
		{6F6A7ACC-FDA2-4615-9C30-BA2089B11FC4}.Debug|iPhoneSimulator.Build.0 = Debug|Any CPU
		{6F6A7ACC-FDA2-4615-9C30-BA2089B11FC4}.Release|iPhone.ActiveCfg = Release|Any CPU
		{6F6A7ACC-FDA2-4615-9C30-BA2089B11FC4}.Release|iPhone.Build.0 = Release|Any CPU
		{6F6A7ACC-FDA2-4615-9C30-BA2089B11FC4}.Release|iPhoneSimulator.ActiveCfg = Release|Any CPU
		{6F6A7ACC-FDA2-4615-9C30-BA2089B11FC4}.Release|iPhoneSimulator.Build.0 = Release|Any CPU
		{6F6A7ACC-FDA2-4615-9C30-BA2089B11FC4}.Debug|iPhone.ActiveCfg = Debug|Any CPU
		{6F6A7ACC-FDA2-4615-9C30-BA2089B11FC4}.Debug|iPhone.Build.0 = Debug|Any CPU
	EndGlobalSection
	GlobalSection(NestedProjects) = preSolution
		{EF7506B7-6551-4603-AACD-B4C17B0011DF} = {F9D33A8F-88D6-4C03-8E5A-4D5F55241050}
		{B3218B56-4340-4318-876F-92EBBF0BB37B} = {F9D33A8F-88D6-4C03-8E5A-4D5F55241050}
		{9CF3205B-7DF4-4C23-8439-B1D282EF7613} = {8626AE86-05EC-4CB0-BE95-857EB5249594}
		{A14A2EA4-2C78-4620-B3BB-0C2CC87E81AB} = {0513C956-3CC3-4011-AA7F-BC22FC73EDEF}
		{F2E62E68-3E6A-48FF-B7BA-549A9BB104BE} = {BB2E5FCD-28F5-43A0-8F24-636B5EFAEC4A}
		{DE906C73-111D-4C7B-A133-679B04F1B31C} = {BB2E5FCD-28F5-43A0-8F24-636B5EFAEC4A}
		{D41B8FB1-DD4E-4BD8-8B96-EC60D9BEA2D8} = {BB2E5FCD-28F5-43A0-8F24-636B5EFAEC4A}
		{DFECF8DE-FF32-49AE-9B0E-2F3DEE3293B5} = {BB2E5FCD-28F5-43A0-8F24-636B5EFAEC4A}
		{B987A397-23F7-41FD-AA5E-9970643D2B2D} = {DE906C73-111D-4C7B-A133-679B04F1B31C}
		{DEDD2C17-E0C9-45BF-A5CE-7D4923D3F5A6} = {DFECF8DE-FF32-49AE-9B0E-2F3DEE3293B5}
		{29FAB2CB-B3E6-4A5F-A9DB-A7A34A57D79C} = {E90C2F0A-623B-40F9-9A57-0695FC4D4F67}
		{A34A46F5-A9D2-4917-AE40-78CB0D8FDF13} = {D41B8FB1-DD4E-4BD8-8B96-EC60D9BEA2D8}
		{057C9A43-072A-4247-B0A7-DCFBCE75401A} = {D41B8FB1-DD4E-4BD8-8B96-EC60D9BEA2D8}
		{6F6A7ACC-FDA2-4615-9C30-BA2089B11FC4} = {D41B8FB1-DD4E-4BD8-8B96-EC60D9BEA2D8}
	EndGlobalSection
EndGlobal
